
Microsoft Visual Studio Solution File, Format Version 12.00
# Visual Studio 15
VisualStudioVersion = 15.0.28307.136
MinimumVisualStudioVersion = 10.0.40219.1
Project("{FAE04EC0-301F-11D3-BF4B-00C04F79EFBC}") = "DAL", "data-access-layer\DAL.csproj", "{4F65B0C6-0F1C-453A-BB85-7D85F2FAABBC}"
EndProject
Global
	GlobalSection(SolutionConfigurationPlatforms) = preSolution
		Debug|Any CPU = Debug|Any CPU
		Release|Any CPU = Release|Any CPU
	EndGlobalSection
	GlobalSection(ProjectConfigurationPlatforms) = postSolution
		{4F65B0C6-0F1C-453A-BB85-7D85F2FAABBC}.Debug|Any CPU.ActiveCfg = Debug|Any CPU
		{4F65B0C6-0F1C-453A-BB85-7D85F2FAABBC}.Debug|Any CPU.Build.0 = Debug|Any CPU
		{4F65B0C6-0F1C-453A-BB85-7D85F2FAABBC}.Release|Any CPU.ActiveCfg = Release|Any CPU
		{4F65B0C6-0F1C-453A-BB85-7D85F2FAABBC}.Release|Any CPU.Build.0 = Release|Any CPU
	EndGlobalSection
	GlobalSection(SolutionProperties) = preSolution
		HideSolutionNode = FALSE
	EndGlobalSection
	GlobalSection(ExtensibilityGlobals) = postSolution
		SolutionGuid = {0F631E0C-9A07-48F7-9C78-40987C737B7E}
	EndGlobalSection
EndGlobal
